lockfileVersion: '9.0'

settings:
  autoInstallPeers: true
  excludeLinksFromLockfile: false

importers:

  .:
    dependencies:
      moment:
        specifier: ^2.30.1
        version: 2.30.1
    devDependencies:
      '@types/moment':
        specifier: ^2.13.0
        version: 2.13.0
      '@types/node':
        specifier: 20.x
        version: 20.17.28
      '@types/vscode':
        specifier: ^1.98.0
        version: 1.98.0
      typescript:
        specifier: ^5.8.2
        version: 5.8.2

packages:

  '@types/moment@2.13.0':
    resolution: {integrity: sha512-DyuyYGpV6r+4Z1bUznLi/Y7HpGn4iQ4IVcGn8zrr1P4KotKLdH0sbK1TFR6RGyX6B+G8u83wCzL+bpawKU/hdQ==}
    deprecated: This is a stub types definition for Moment (https://github.com/moment/moment). Moment provides its own type definitions, so you don't need @types/moment installed!

  '@types/node@20.17.28':
    resolution: {integrity: sha512-DHlH/fNL6Mho38jTy7/JT7sn2wnXI+wULR6PV4gy4VHLVvnrV/d3pHAMQHhc4gjdLmK2ZiPoMxzp6B3yRajLSQ==}

  '@types/vscode@1.98.0':
    resolution: {integrity: sha512-+KuiWhpbKBaG2egF+51KjbGWatTH5BbmWQjSLMDCssb4xF8FJnW4nGH4nuAdOOfMbpD0QlHtI+C3tPq+DoKElg==}

  moment@2.30.1:
    resolution: {integrity: sha512-uEmtNhbDOrWPFS+hdjFCBfy9f2YoyzRpwcl+DqpC6taX21FzsTLQVbMV/W7PzNSX6x/bhC1zA3c2UQ5NzH6how==}

  typescript@5.8.2:
    resolution: {integrity: sha512-aJn6wq13/afZp/jT9QZmwEjDqqvSGp1VT5GVg+f/t6/oVyrgXM6BY1h9BRh/O5p3PlUPAe+WuiEZOmb/49RqoQ==}
    engines: {node: '>=14.17'}
    hasBin: true

  undici-types@6.19.8:
    resolution: {integrity: sha512-ve2KP6f/JnbPBFyobGHuerC9g1FYGn/F8n1LWTwNxCEzd6IfqTwUQcNXgEtmmQ6DlRrC1hrSrBnCZPokRrDHjw==}

snapshots:

  '@types/moment@2.13.0':
    dependencies:
      moment: 2.30.1

  '@types/node@20.17.28':
    dependencies:
      undici-types: 6.19.8

  '@types/vscode@1.98.0': {}

  moment@2.30.1: {}

  typescript@5.8.2: {}

  undici-types@6.19.8: {}
